// !$*UTF8*$!
{
	archiveVersion = 1;
	classes = {
	};
	objectVersion = 56;
	objects = {

/* Begin PBXBuildFile section */
		4E7F51512A890EBE00912D80 /* AppDelegate.swift in Sources */ = {isa = PBXBuildFile; fileRef = 4E7F51502A890EBE00912D80 /* AppDelegate.swift */; };
		4E7F51532A890EBE00912D80 /* SceneDelegate.swift in Sources */ = {isa = PBXBuildFile; fileRef = 4E7F51522A890EBE00912D80 /* SceneDelegate.swift */; };
		4E7F51552A890EBE00912D80 /* TabBarController.swift in Sources */ = {isa = PBXBuildFile; fileRef = 4E7F51542A890EBE00912D80 /* TabBarController.swift */; };
		4E7F515A2A890EC000912D80 /* Assets.xcassets in Resources */ = {isa = PBXBuildFile; fileRef = 4E7F51592A890EC000912D80 /* Assets.xcassets */; };
		4E7F515D2A890EC000912D80 /* LaunchScreen.storyboard in Resources */ = {isa = PBXBuildFile; fileRef = 4E7F515B2A890EC000912D80 /* LaunchScreen.storyboard */; };
		4E7F51662A890F8200912D80 /* Kingfisher in Frameworks */ = {isa = PBXBuildFile; productRef = 4E7F51652A890F8200912D80 /* Kingfisher */; };
		4E7F516A2A8916D200912D80 /* TodayViewController.swift in Sources */ = {isa = PBXBuildFile; fileRef = 4E7F51692A8916D200912D80 /* TodayViewController.swift */; };
		4E7F516D2A89176000912D80 /* SnapKit in Frameworks */ = {isa = PBXBuildFile; productRef = 4E7F516C2A89176000912D80 /* SnapKit */; };
		4E7F516F2A891BA600912D80 /* TodayCollectionViewCell.swift in Sources */ = {isa = PBXBuildFile; fileRef = 4E7F516E2A891BA600912D80 /* TodayCollectionViewCell.swift */; };
		4E7F51712A89216200912D80 /* TodayCollectionHeaderView.swift in Sources */ = {isa = PBXBuildFile; fileRef = 4E7F51702A89216200912D80 /* TodayCollectionHeaderView.swift */; };
/* End PBXBuildFile section */

/* Begin PBXFileReference section */
		4E7F514D2A890EBE00912D80 /* TodatTabApp.app */ = {isa = PBXFileReference; explicitFileType = wrapper.application; includeInIndex = 0; path = TodatTabApp.app; sourceTree = BUILT_PRODUCTS_DIR; };
		4E7F51502A890EBE00912D80 /* AppDelegate.swift */ = {isa = PBXFileReference; lastKnownFileType = sourcecode.swift; path = AppDelegate.swift; sourceTree = "<group>"; };
		4E7F51522A890EBE00912D80 /* SceneDelegate.swift */ = {isa = PBXFileReference; lastKnownFileType = sourcecode.swift; path = SceneDelegate.swift; sourceTree = "<group>"; };
		4E7F51542A890EBE00912D80 /* TabBarController.swift */ = {isa = PBXFileReference; lastKnownFileType = sourcecode.swift; path = TabBarController.swift; sourceTree = "<group>"; };
		4E7F51592A890EC000912D80 /* Assets.xcassets */ = {isa = PBXFileReference; lastKnownFileType = folder.assetcatalog; path = Assets.xcassets; sourceTree = "<group>"; };
		4E7F515C2A890EC000912D80 /* Base */ = {isa = PBXFileReference; lastKnownFileType = file.storyboard; name = Base; path = Base.lproj/LaunchScreen.storyboard; sourceTree = "<group>"; };
		4E7F515E2A890EC000912D80 /* Info.plist */ = {isa = PBXFileReference; lastKnownFileType = text.plist.xml; path = Info.plist; sourceTree = "<group>"; };
		4E7F51692A8916D200912D80 /* TodayViewController.swift */ = {isa = PBXFileReference; lastKnownFileType = sourcecode.swift; path = TodayViewController.swift; sourceTree = "<group>"; };
		4E7F516E2A891BA600912D80 /* TodayCollectionViewCell.swift */ = {isa = PBXFileReference; lastKnownFileType = sourcecode.swift; path = TodayCollectionViewCell.swift; sourceTree = "<group>"; };
		4E7F51702A89216200912D80 /* TodayCollectionHeaderView.swift */ = {isa = PBXFileReference; lastKnownFileType = sourcecode.swift; path = TodayCollectionHeaderView.swift; sourceTree = "<group>"; };
/* End PBXFileReference section */

/* Begin PBXFrameworksBuildPhase section */
		4E7F514A2A890EBE00912D80 /* Frameworks */ = {
			isa = PBXFrameworksBuildPhase;
			buildActionMask = 2147483647;
			files = (
				4E7F51662A890F8200912D80 /* Kingfisher in Frameworks */,
				4E7F516D2A89176000912D80 /* SnapKit in Frameworks */,
			);
			runOnlyForDeploymentPostprocessing = 0;
		};
/* End PBXFrameworksBuildPhase section */

/* Begin PBXGroup section */
		4E7F51442A890EBD00912D80 = {
			isa = PBXGroup;
			children = (
				4E7F514F2A890EBE00912D80 /* TodatTabApp */,
				4E7F514E2A890EBE00912D80 /* Products */,
			);
			sourceTree = "<group>";
		};
		4E7F514E2A890EBE00912D80 /* Products */ = {
			isa = PBXGroup;
			children = (
				4E7F514D2A890EBE00912D80 /* TodatTabApp.app */,
			);
			name = Products;
			sourceTree = "<group>";
		};
		4E7F514F2A890EBE00912D80 /* TodatTabApp */ = {
			isa = PBXGroup;
			children = (
				4E7F51502A890EBE00912D80 /* AppDelegate.swift */,
				4E7F51522A890EBE00912D80 /* SceneDelegate.swift */,
				4E7F51672A89169600912D80 /* Scenes */,
				4E7F51592A890EC000912D80 /* Assets.xcassets */,
				4E7F515B2A890EC000912D80 /* LaunchScreen.storyboard */,
				4E7F515E2A890EC000912D80 /* Info.plist */,
			);
			path = TodatTabApp;
			sourceTree = "<group>";
		};
		4E7F51672A89169600912D80 /* Scenes */ = {
			isa = PBXGroup;
			children = (
				4E7F51682A8916B200912D80 /* Today */,
				4E7F51542A890EBE00912D80 /* TabBarController.swift */,
			);
			path = Scenes;
			sourceTree = "<group>";
		};
		4E7F51682A8916B200912D80 /* Today */ = {
			isa = PBXGroup;
			children = (
				4E7F51692A8916D200912D80 /* TodayViewController.swift */,
				4E7F516E2A891BA600912D80 /* TodayCollectionViewCell.swift */,
				4E7F51702A89216200912D80 /* TodayCollectionHeaderView.swift */,
			);
			path = Today;
			sourceTree = "<group>";
		};
/* End PBXGroup section */

/* Begin PBXNativeTarget section */
		4E7F514C2A890EBE00912D80 /* TodatTabApp */ = {
			isa = PBXNativeTarget;
			buildConfigurationList = 4E7F51612A890EC000912D80 /* Build configuration list for PBXNativeTarget "TodatTabApp" */;
			buildPhases = (
				4E7F51492A890EBE00912D80 /* Sources */,
				4E7F514A2A890EBE00912D80 /* Frameworks */,
				4E7F514B2A890EBE00912D80 /* Resources */,
			);
			buildRules = (
			);
			dependencies = (
			);
			name = TodatTabApp;
			packageProductDependencies = (
				4E7F51652A890F8200912D80 /* Kingfisher */,
				4E7F516C2A89176000912D80 /* SnapKit */,
			);
			productName = TodatTabApp;
			productReference = 4E7F514D2A890EBE00912D80 /* TodatTabApp.app */;
			productType = "com.apple.product-type.application";
		};
/* End PBXNativeTarget section */

/* Begin PBXProject section */
		4E7F51452A890EBD00912D80 /* Project object */ = {
			isa = PBXProject;
			attributes = {
				BuildIndependentTargetsInParallel = 1;
				LastSwiftUpdateCheck = 1430;
				LastUpgradeCheck = 1430;
				TargetAttributes = {
					4E7F514C2A890EBE00912D80 = {
						CreatedOnToolsVersion = 14.3.1;
					};
				};
			};
			buildConfigurationList = 4E7F51482A890EBE00912D80 /* Build configuration list for PBXProject "TodatTabApp" */;
			compatibilityVersion = "Xcode 14.0";
			developmentRegion = en;
			hasScannedForEncodings = 0;
			knownRegions = (
				en,
				Base,
			);
			mainGroup = 4E7F51442A890EBD00912D80;
			packageReferences = (
				4E7F51642A890F8200912D80 /* XCRemoteSwiftPackageReference "Kingfisher" */,
				4E7F516B2A89176000912D80 /* XCRemoteSwiftPackageReference "SnapKit" */,
			);
			productRefGroup = 4E7F514E2A890EBE00912D80 /* Products */;
			projectDirPath = "";
			projectRoot = "";
			targets = (
				4E7F514C2A890EBE00912D80 /* TodatTabApp */,
			);
		};
/* End PBXProject section */

/* Begin PBXResourcesBuildPhase section */
		4E7F514B2A890EBE00912D80 /* Resources */ = {
			isa = PBXResourcesBuildPhase;
			buildActionMask = 2147483647;
			files = (
				4E7F515D2A890EC000912D80 /* LaunchScreen.storyboard in Resources */,
				4E7F515A2A890EC000912D80 /* Assets.xcassets in Resources */,
			);
			runOnlyForDeploymentPostprocessing = 0;
		};
/* End PBXResourcesBuildPhase section */

/* Begin PBXSourcesBuildPhase section */
		4E7F51492A890EBE00912D80 /* Sources */ = {
			isa = PBXSourcesBuildPhase;
			buildActionMask = 2147483647;
			files = (
				4E7F516A2A8916D200912D80 /* TodayViewController.swift in Sources */,
				4E7F51552A890EBE00912D80 /* TabBarController.swift in Sources */,
				4E7F51512A890EBE00912D80 /* AppDelegate.swift in Sources */,
				4E7F51712A89216200912D80 /* TodayCollectionHeaderView.swift in Sources */,
				4E7F51532A890EBE00912D80 /* SceneDelegate.swift in Sources */,
				4E7F516F2A891BA600912D80 /* TodayCollectionViewCell.swift in Sources */,
			);
			runOnlyForDeploymentPostprocessing = 0;
		};
/* End PBXSourcesBuildPhase section */

/* Begin PBXVariantGroup section */
		4E7F515B2A890EC000912D80 /* LaunchScreen.storyboard */ = {
			isa = PBXVariantGroup;
			children = (
				4E7F515C2A890EC000912D80 /* Base */,
			);
			name = LaunchScreen.storyboard;
			sourceTree = "<group>";
		};
/* End PBXVariantGroup section */

/* Begin XCBuildConfiguration section */
		4E7F515F2A890EC000912D80 /* Debug */ = {
			isa = XCBuildConfiguration;
			buildSettings = {
				ALWAYS_SEARCH_USER_PATHS = NO;
				CLANG_ANALYZER_NONNULL = YES;
				CLANG_ANALYZER_NUMBER_OBJECT_CONVERSION = YES_AGGRESSIVE;
				CLANG_CXX_LANGUAGE_STANDARD = "gnu++20";
				CLANG_ENABLE_MODULES = YES;
				CLANG_ENABLE_OBJC_ARC = YES;
				CLANG_ENABLE_OBJC_WEAK = YES;
				CLANG_WARN_BLOCK_CAPTURE_AUTORELEASING = YES;
				CLANG_WARN_BOOL_CONVERSION = YES;
				CLANG_WARN_COMMA = YES;
				CLANG_WARN_CONSTANT_CONVERSION = YES;
				CLANG_WARN_DEPRECATED_OBJC_IMPLEMENTATIONS = YES;
				CLANG_WARN_DIRECT_OBJC_ISA_USAGE = YES_ERROR;
				CLANG_WARN_DOCUMENTATION_COMMENTS = YES;
				CLANG_WARN_EMPTY_BODY = YES;
				CLANG_WARN_ENUM_CONVERSION = YES;
				CLANG_WARN_INFINITE_RECURSION = YES;
				CLANG_WARN_INT_CONVERSION = YES;
				CLANG_WARN_NON_LITERAL_NULL_CONVERSION = YES;
				CLANG_WARN_OBJC_IMPLICIT_RETAIN_SELF = YES;
				CLANG_WARN_OBJC_LITERAL_CONVERSION = YES;
				CLANG_WARN_OBJC_ROOT_CLASS = YES_ERROR;
				CLANG_WARN_QUOTED_INCLUDE_IN_FRAMEWORK_HEADER = YES;
				CLANG_WARN_RANGE_LOOP_ANALYSIS = YES;
				CLANG_WARN_STRICT_PROTOTYPES = YES;
				CLANG_WARN_SUSPICIOUS_MOVE = YES;
				CLANG_WARN_UNGUARDED_AVAILABILITY = YES_AGGRESSIVE;
				CLANG_WARN_UNREACHABLE_CODE = YES;
				CLANG_WARN__DUPLICATE_METHOD_MATCH = YES;
				COPY_PHASE_STRIP = NO;
				DEBUG_INFORMATION_FORMAT = dwarf;
				ENABLE_STRICT_OBJC_MSGSEND = YES;
				ENABLE_TESTABILITY = YES;
				GCC_C_LANGUAGE_STANDARD = gnu11;
				GCC_DYNAMIC_NO_PIC = NO;
				GCC_NO_COMMON_BLOCKS = YES;
				GCC_OPTIMIZATION_LEVEL = 0;
				GCC_PREPROCESSOR_DEFINITIONS = (
					"DEBUG=1",
					"$(inherited)",
				);
				GCC_WARN_64_TO_32_BIT_CONVERSION = YES;
				GCC_WARN_ABOUT_RETURN_TYPE = YES_ERROR;
				GCC_WARN_UNDECLARED_SELECTOR = YES;
				GCC_WARN_UNINITIALIZED_AUTOS = YES_AGGRESSIVE;
				GCC_WARN_UNUSED_FUNCTION = YES;
				GCC_WARN_UNUSED_VARIABLE = YES;
				IPHONEOS_DEPLOYMENT_TARGET = 16.4;
				MTL_ENABLE_DEBUG_INFO = INCLUDE_SOURCE;
				MTL_FAST_MATH = YES;
				ONLY_ACTIVE_ARCH = YES;
				SDKROOT = iphoneos;
				SWIFT_ACTIVE_COMPILATION_CONDITIONS = DEBUG;
				SWIFT_OPTIMIZATION_LEVEL = "-Onone";
			};
			name = Debug;
		};
		4E7F51602A890EC000912D80 /* Release */ = {
			isa = XCBuildConfiguration;
			buildSettings = {
				ALWAYS_SEARCH_USER_PATHS = NO;
				CLANG_ANALYZER_NONNULL = YES;
				CLANG_ANALYZER_NUMBER_OBJECT_CONVERSION = YES_AGGRESSIVE;
				CLANG_CXX_LANGUAGE_STANDARD = "gnu++20";
				CLANG_ENABLE_MODULES = YES;
				CLANG_ENABLE_OBJC_ARC = YES;
				CLANG_ENABLE_OBJC_WEAK = YES;
				CLANG_WARN_BLOCK_CAPTURE_AUTORELEASING = YES;
				CLANG_WARN_BOOL_CONVERSION = YES;
				CLANG_WARN_COMMA = YES;
				CLANG_WARN_CONSTANT_CONVERSION = YES;
				CLANG_WARN_DEPRECATED_OBJC_IMPLEMENTATIONS = YES;
				CLANG_WARN_DIRECT_OBJC_ISA_USAGE = YES_ERROR;
				CLANG_WARN_DOCUMENTATION_COMMENTS = YES;
				CLANG_WARN_EMPTY_BODY = YES;
				CLANG_WARN_ENUM_CONVERSION = YES;
				CLANG_WARN_INFINITE_RECURSION = YES;
				CLANG_WARN_INT_CONVERSION = YES;
				CLANG_WARN_NON_LITERAL_NULL_CONVERSION = YES;
				CLANG_WARN_OBJC_IMPLICIT_RETAIN_SELF = YES;
				CLANG_WARN_OBJC_LITERAL_CONVERSION = YES;
				CLANG_WARN_OBJC_ROOT_CLASS = YES_ERROR;
				CLANG_WARN_QUOTED_INCLUDE_IN_FRAMEWORK_HEADER = YES;
				CLANG_WARN_RANGE_LOOP_ANALYSIS = YES;
				CLANG_WARN_STRICT_PROTOTYPES = YES;
				CLANG_WARN_SUSPICIOUS_MOVE = YES;
				CLANG_WARN_UNGUARDED_AVAILABILITY = YES_AGGRESSIVE;
				CLANG_WARN_UNREACHABLE_CODE = YES;
				CLANG_WARN__DUPLICATE_METHOD_MATCH = YES;
				COPY_PHASE_STRIP = NO;
				DEBUG_INFORMATION_FORMAT = "dwarf-with-dsym";
				ENABLE_NS_ASSERTIONS = NO;
				ENABLE_STRICT_OBJC_MSGSEND = YES;
				GCC_C_LANGUAGE_STANDARD = gnu11;
				GCC_NO_COMMON_BLOCKS = YES;
				GCC_WARN_64_TO_32_BIT_CONVERSION = YES;
				GCC_WARN_ABOUT_RETURN_TYPE = YES_ERROR;
				GCC_WARN_UNDECLARED_SELECTOR = YES;
				GCC_WARN_UNINITIALIZED_AUTOS = YES_AGGRESSIVE;
				GCC_WARN_UNUSED_FUNCTION = YES;
				GCC_WARN_UNUSED_VARIABLE = YES;
				IPHONEOS_DEPLOYMENT_TARGET = 16.4;
				MTL_ENABLE_DEBUG_INFO = NO;
				MTL_FAST_MATH = YES;
				SDKROOT = iphoneos;
				SWIFT_COMPILATION_MODE = wholemodule;
				SWIFT_OPTIMIZATION_LEVEL = "-O";
				VALIDATE_PRODUCT = YES;
			};
			name = Release;
		};
		4E7F51622A890EC000912D80 /* Debug */ = {
			isa = XCBuildConfiguration;
			buildSettings = {
				ASSETCATALOG_COMPILER_APPICON_NAME = AppIcon;
				ASSETCATALOG_COMPILER_GLOBAL_ACCENT_COLOR_NAME = AccentColor;
				CODE_SIGN_STYLE = Automatic;
				CURRENT_PROJECT_VERSION = 1;
				GENERATE_INFOPLIST_FILE = YES;
				INFOPLIST_FILE = TodatTabApp/Info.plist;
				INFOPLIST_KEY_UIApplicationSupportsIndirectInputEvents = YES;
				INFOPLIST_KEY_UILaunchStoryboardName = LaunchScreen;
				INFOPLIST_KEY_UISupportedInterfaceOrientations_iPad = "UIInterfaceOrientationPortrait UIInterfaceOrientationPortraitUpsideDown UIInterfaceOrientationLandscapeLeft UIInterfaceOrientationLandscapeRight";
				INFOPLIST_KEY_UISupportedInterfaceOrientations_iPhone = "UIInterfaceOrientationPortrait UIInterfaceOrientationLandscapeLeft UIInterfaceOrientationLandscapeRight";
				LD_RUNPATH_SEARCH_PATHS = (
					"$(inherited)",
					"@executable_path/Frameworks",
				);
				MARKETING_VERSION = 1.0;
				PRODUCT_BUNDLE_IDENTIFIER = Jin.TodatTabApp;
				PRODUCT_NAME = "$(TARGET_NAME)";
				SWIFT_EMIT_LOC_STRINGS = YES;
				SWIFT_VERSION = 5.0;
				TARGETED_DEVICE_FAMILY = "1,2";
			};
			name = Debug;
		};
		4E7F51632A890EC000912D80 /* Release */ = {
			isa = XCBuildConfiguration;
			buildSettings = {
				ASSETCATALOG_COMPILER_APPICON_NAME = AppIcon;
				ASSETCATALOG_COMPILER_GLOBAL_ACCENT_COLOR_NAME = AccentColor;
				CODE_SIGN_STYLE = Automatic;
				CURRENT_PROJECT_VERSION = 1;
				GENERATE_INFOPLIST_FILE = YES;
				INFOPLIST_FILE = TodatTabApp/Info.plist;
				INFOPLIST_KEY_UIApplicationSupportsIndirectInputEvents = YES;
				INFOPLIST_KEY_UILaunchStoryboardName = LaunchScreen;
				INFOPLIST_KEY_UISupportedInterfaceOrientations_iPad = "UIInterfaceOrientationPortrait UIInterfaceOrientationPortraitUpsideDown UIInterfaceOrientationLandscapeLeft UIInterfaceOrientationLandscapeRight";
				INFOPLIST_KEY_UISupportedInterfaceOrientations_iPhone = "UIInterfaceOrientationPortrait UIInterfaceOrientationLandscapeLeft UIInterfaceOrientationLandscapeRight";
				LD_RUNPATH_SEARCH_PATHS = (
					"$(inherited)",
					"@executable_path/Frameworks",
				);
				MARKETING_VERSION = 1.0;
				PRODUCT_BUNDLE_IDENTIFIER = Jin.TodatTabApp;
				PRODUCT_NAME = "$(TARGET_NAME)";
				SWIFT_EMIT_LOC_STRINGS = YES;
				SWIFT_VERSION = 5.0;
				TARGETED_DEVICE_FAMILY = "1,2";
			};
			name = Release;
		};
/* End XCBuildConfiguration section */

/* Begin XCConfigurationList section */
		4E7F51482A890EBE00912D80 /* Build configuration list for PBXProject "TodatTabApp" */ = {
			isa = XCConfigurationList;
			buildConfigurations = (
				4E7F515F2A890EC000912D80 /* Debug */,
				4E7F51602A890EC000912D80 /* Release */,
			);
			defaultConfigurationIsVisible = 0;
			defaultConfigurationName = Release;
		};
		4E7F51612A890EC000912D80 /* Build configuration list for PBXNativeTarget "TodatTabApp" */ = {
			isa = XCConfigurationList;
			buildConfigurations = (
				4E7F51622A890EC000912D80 /* Debug */,
				4E7F51632A890EC000912D80 /* Release */,
			);
			defaultConfigurationIsVisible = 0;
			defaultConfigurationName = Release;
		};
/* End XCConfigurationList section */

/* Begin XCRemoteSwiftPackageReference section */
		4E7F51642A890F8200912D80 /* XCRemoteSwiftPackageReference "Kingfisher" */ = {
			isa = XCRemoteSwiftPackageReference;
			repositoryURL = "https://github.com/onevcat/Kingfisher.git";
			requirement = {
				kind = upToNextMajorVersion;
				minimumVersion = 7.0.0;
			};
		};
		4E7F516B2A89176000912D80 /* XCRemoteSwiftPackageReference "SnapKit" */ = {
			isa = XCRemoteSwiftPackageReference;
			repositoryURL = "https://github.com/SnapKit/SnapKit.git";
			requirement = {
				kind = upToNextMajorVersion;
				minimumVersion = 5.0.0;
			};
		};
/* End XCRemoteSwiftPackageReference section */

/* Begin XCSwiftPackageProductDependency section */
		4E7F51652A890F8200912D80 /* Kingfisher */ = {
			isa = XCSwiftPackageProductDependency;
			package = 4E7F51642A890F8200912D80 /* XCRemoteSwiftPackageReference "Kingfisher" */;
			productName = Kingfisher;
		};
		4E7F516C2A89176000912D80 /* SnapKit */ = {
			isa = XCSwiftPackageProductDependency;
			package = 4E7F516B2A89176000912D80 /* XCRemoteSwiftPackageReference "SnapKit" */;
			productName = SnapKit;
		};
/* End XCSwiftPackageProductDependency section */
	};
	rootObject = 4E7F51452A890EBD00912D80 /* Project object */;
}
